<?xml version="1.0" encoding="utf-8"?>
<Project ToolsVersion="17.0" xmlns="http://schemas.microsoft.com/developer/msbuild/2003">
  <ItemGroup>
    <CustomBuild Include="C:\Users\vicen\source\repos\vicenteconejerosdelacruz\Engine\SDKs\assimp\assimp-6.0.4\CMakeFiles\d86204b5fa98f1d1871802a0bc52078d\INSTALL_force.rule">
      <Filter>CMake Rules</Filter>
    </CustomBuild>
  </ItemGroup>
  <ItemGroup>
    <Filter Include="CMake Rules">
      <UniqueIdentifier>{8063B92B-E2DE-3388-AB9A-1A3F8EBE5F07}</UniqueIdentifier>
    </Filter>
  </ItemGroup>
</Project>
