<?xml version="1.0" encoding="utf-8"?>
<Project ToolsVersion="4.0" xmlns="http://schemas.microsoft.com/developer/msbuild/2003">
  <ItemGroup>
    <Filter Include="Source Files">
      <UniqueIdentifier>{4FC737F1-C7A5-4376-A066-2A32D752A2FF}</UniqueIdentifier>
      <Extensions>cpp;c;cc;cxx;c++;cppm;ixx;def;odl;idl;hpj;bat;asm;asmx</Extensions>
    </Filter>
    <Filter Include="Header Files">
      <UniqueIdentifier>{93995380-89BD-4b04-88EB-625FBE52EBFB}</UniqueIdentifier>
      <Extensions>h;hh;hpp;hxx;h++;hm;inl;inc;ipp;xsd</Extensions>
    </Filter>
    <Filter Include="Resource Files">
      <UniqueIdentifier>{67DA6AB6-F800-4c08-8B7A-83BB121AAD01}</UniqueIdentifier>
      <Extensions>rc;ico;cur;bmp;dlg;rc2;rct;bin;rgs;gif;jpg;jpeg;jpe;resx;tiff;tif;png;wav;mfcribbon-ms</Extensions>
    </Filter>
  </ItemGroup>
  <ItemGroup>
    <ClInclude Include="pch.h">
      <Filter>Header Files</Filter>
    </ClInclude>
    <ClInclude Include="targetver.h">
      <Filter>Header Files</Filter>
    </ClInclude>
    <ClInclude Include="Resource.h">
      <Filter>Header Files</Filter>
    </ClInclude>
    <ClInclude Include="TestGame.h">
      <Filter>Header Files</Filter>
    </ClInclude>
    <ClInclude Include="GameControllers\Brawler\Characters\Heroes\VenomAtt.h">
      <Filter>Header Files</Filter>
    </ClInclude>
    <ClInclude Include="JExpose\Controllers\Test\SpinYawAtt.h">
      <Filter>Header Files</Filter>
    </ClInclude>
    <ClInclude Include="GameControllers\Test\SpinYaw.h">
      <Filter>Header Files</Filter>
    </ClInclude>
    <ClInclude Include="GameControllers\Brawler\Characters\Heroes\Venom.h">
      <Filter>Header Files</Filter>
    </ClInclude>
    <ClInclude Include="JExpose\Controllers\ThirdPerson\ThirdPersonCharacterAtt.h">
      <Filter>Header Files</Filter>
    </ClInclude>
    <ClInclude Include="GameControllers\ThirdPerson\ThirdPersonCharacter.h">
      <Filter>Header Files</Filter>
    </ClInclude>
    <ClInclude Include="GamePhysics\GamePhysics.h">
      <Filter>Header Files</Filter>
    </ClInclude>
    <ClInclude Include="GameControllers\Brawler\Camera\BrawlerCameraAtt.h">
      <Filter>Header Files</Filter>
    </ClInclude>
    <ClInclude Include="GameControllers\Brawler\Camera\BrawlerCamera.h">
      <Filter>Header Files</Filter>
    </ClInclude>
    <ClInclude Include="GameControllers\Brawler\Characters\Enemies\Thug.h">
      <Filter>Header Files</Filter>
    </ClInclude>
    <ClInclude Include="GameControllers\Brawler\Characters\Enemies\ThugAtt.h">
      <Filter>Header Files</Filter>
    </ClInclude>
    <ClInclude Include="GameControllers\Brawler\Scene\BrawlerScene.h">
      <Filter>Header Files</Filter>
    </ClInclude>
    <ClInclude Include="GameControllers\Brawler\Scene\BrawlerSceneAtt.h">
      <Filter>Header Files</Filter>
    </ClInclude>
    <ClInclude Include="GameControllers\Brawler\Characters\Heroes\Hero.h">
      <Filter>Header Files</Filter>
    </ClInclude>
    <ClInclude Include="GameControllers\Brawler\Characters\BrawlerCharacterAtt.h">
      <Filter>Header Files</Filter>
    </ClInclude>
    <ClInclude Include="GameControllers\Brawler\Characters\BrawlerCharacter.h">
      <Filter>Header Files</Filter>
    </ClInclude>
    <ClInclude Include="GameControllers\Brawler\Characters\Heroes\HeroAtt.h">
      <Filter>Header Files</Filter>
    </ClInclude>
    <ClInclude Include="JExpose\Editor\JEdvBrawlerDrawer.h">
      <Filter>Header Files</Filter>
    </ClInclude>
    <ClInclude Include="GameControllers\Brawler\Rounds\BrawlerRound.h">
      <Filter>Header Files</Filter>
    </ClInclude>
    <ClInclude Include="GameControllers\Brawler\Characters\Bosses\GreenGoblin.h">
      <Filter>Header Files</Filter>
    </ClInclude>
    <ClInclude Include="GameControllers\Brawler\Characters\Bosses\GreenGoblinAtt.h">
      <Filter>Header Files</Filter>
    </ClInclude>
    <ClInclude Include="GameControllers\Brawler\Dialogs\BrawlerDialog.h">
      <Filter>Header Files</Filter>
    </ClInclude>
    <ClInclude Include="GameControllers\Effects\AnimatedDecal.h">
      <Filter>Header Files</Filter>
    </ClInclude>
    <ClInclude Include="GameControllers\Effects\AnimatedDecalAtt.h">
      <Filter>Header Files</Filter>
    </ClInclude>
    <ClInclude Include="GameControllers\Brawler\Characters\Bosses\PumpkinBomb.h">
      <Filter>Header Files</Filter>
    </ClInclude>
    <ClInclude Include="GameControllers\Brawler\Characters\Bosses\PumpkinBombAtt.h">
      <Filter>Header Files</Filter>
    </ClInclude>
    <ClInclude Include="GameControllers\Effects\DelayedDeletion.h">
      <Filter>Header Files</Filter>
    </ClInclude>
    <ClInclude Include="GameControllers\Effects\DelayedDeletionAtt.h">
      <Filter>Header Files</Filter>
    </ClInclude>
  </ItemGroup>
  <ItemGroup>
    <ClCompile Include="TestGame.cpp">
      <Filter>Source Files</Filter>
    </ClCompile>
    <ClCompile Include="pch.cpp">
      <Filter>Source Files</Filter>
    </ClCompile>
    <ClCompile Include="GameControllers\GameControllers.cpp">
      <Filter>Source Files</Filter>
    </ClCompile>
    <ClCompile Include="GameControllers\Test\SpinYaw.cpp">
      <Filter>Source Files</Filter>
    </ClCompile>
    <ClCompile Include="GameControllers\Brawler\Characters\Heroes\Venom.cpp">
      <Filter>Source Files</Filter>
    </ClCompile>
    <ClCompile Include="GameControllers\ThirdPerson\ThirdPersonCharacter.cpp">
      <Filter>Source Files</Filter>
    </ClCompile>
    <ClCompile Include="GamePhysics\GamePhysics.cpp">
      <Filter>Source Files</Filter>
    </ClCompile>
    <ClCompile Include="GameControllers\Brawler\Camera\BrawlerCamera.cpp">
      <Filter>Source Files</Filter>
    </ClCompile>
    <ClCompile Include="GameControllers\Brawler\Characters\Enemies\Thug.cpp">
      <Filter>Source Files</Filter>
    </ClCompile>
    <ClCompile Include="GameControllers\Brawler\Scene\BrawlerScene.cpp">
      <Filter>Source Files</Filter>
    </ClCompile>
    <ClCompile Include="GameControllers\Brawler\Characters\Heroes\Hero.cpp">
      <Filter>Source Files</Filter>
    </ClCompile>
    <ClCompile Include="GameControllers\Brawler\Characters\BrawlerCharacter.cpp">
      <Filter>Source Files</Filter>
    </ClCompile>
    <ClCompile Include="GameControllers\Brawler\Characters\Bosses\GreenGoblin.cpp">
      <Filter>Source Files</Filter>
    </ClCompile>
    <ClCompile Include="GameControllers\Effects\AnimatedDecal.cpp">
      <Filter>Source Files</Filter>
    </ClCompile>
    <ClCompile Include="JExpose\Editor\JEdvBrawlerDrawer.cpp">
      <Filter>Source Files</Filter>
    </ClCompile>
    <ClCompile Include="GameControllers\Brawler\Characters\Bosses\PumpkinBomb.cpp">
      <Filter>Source Files</Filter>
    </ClCompile>
    <ClCompile Include="GameControllers\Effects\DelayedDeletion.cpp">
      <Filter>Source Files</Filter>
    </ClCompile>
  </ItemGroup>
  <ItemGroup>
    <ResourceCompile Include="TestGame.rc">
      <Filter>Resource Files</Filter>
    </ResourceCompile>
  </ItemGroup>
  <ItemGroup>
    <Image Include="small.ico">
      <Filter>Resource Files</Filter>
    </Image>
    <Image Include="TestGame.ico">
      <Filter>Resource Files</Filter>
    </Image>
  </ItemGroup>
  <ItemGroup>
    <None Include="packages.config" />
  </ItemGroup>
</Project>