
Microsoft Visual Studio Solution File, Format Version 12.00
# Visual Studio Version 17
Project("{8BC9CEB8-8B4A-11D0-8D11-00A0C91BC942}") = "ALL_BUILD", "ALL_BUILD.vcxproj", "{18FA00A8-2562-397C-9B9E-69D4602D57EB}"
	ProjectSection(ProjectDependencies) = postProject
		{0BEFC7D6-93B3-3FB0-9AEA-3A5558D87061} = {0BEFC7D6-93B3-3FB0-9AEA-3A5558D87061}
		{47CAC588-E174-353D-A2B7-C42C44C4352F} = {47CAC588-E174-353D-A2B7-C42C44C4352F}
	EndProjectSection
EndProject
Project("{8BC9CEB8-8B4A-11D0-8D11-00A0C91BC942}") = "INSTALL", "INSTALL.vcxproj", "{53C96D24-9B37-362B-B79A-3B54F5A92DC9}"
	ProjectSection(ProjectDependencies) = postProject
		{18FA00A8-2562-397C-9B9E-69D4602D57EB} = {18FA00A8-2562-397C-9B9E-69D4602D57EB}
		{0BEFC7D6-93B3-3FB0-9AEA-3A5558D87061} = {0BEFC7D6-93B3-3FB0-9AEA-3A5558D87061}
	EndProjectSection
EndProject
Project("{8BC9CEB8-8B4A-11D0-8D11-00A0C91BC942}") = "ZERO_CHECK", "..\..\\ZERO_CHECK.vcxproj", "{0BEFC7D6-93B3-3FB0-9AEA-3A5558D87061}"
	ProjectSection(ProjectDependencies) = postProject
	EndProjectSection
EndProject
Project("{8BC9CEB8-8B4A-11D0-8D11-00A0C91BC942}") = "zlibstatic", "zlibstatic.vcxproj", "{47CAC588-E174-353D-A2B7-C42C44C4352F}"
	ProjectSection(ProjectDependencies) = postProject
		{0BEFC7D6-93B3-3FB0-9AEA-3A5558D87061} = {0BEFC7D6-93B3-3FB0-9AEA-3A5558D87061}
	EndProjectSection
EndProject
Global
	GlobalSection(SolutionConfigurationPlatforms) = preSolution
		Debug|x64 = Debug|x64
		Release|x64 = Release|x64
		MinSizeRel|x64 = MinSizeRel|x64
		RelWithDebInfo|x64 = RelWithDebInfo|x64
	EndGlobalSection
	GlobalSection(ProjectConfigurationPlatforms) = postSolution
		{18FA00A8-2562-397C-9B9E-69D4602D57EB}.Debug|x64.ActiveCfg = Debug|x64
		{18FA00A8-2562-397C-9B9E-69D4602D57EB}.Debug|x64.Build.0 = Debug|x64
		{18FA00A8-2562-397C-9B9E-69D4602D57EB}.Release|x64.ActiveCfg = Release|x64
		{18FA00A8-2562-397C-9B9E-69D4602D57EB}.Release|x64.Build.0 = Release|x64
		{18FA00A8-2562-397C-9B9E-69D4602D57EB}.MinSizeRel|x64.ActiveCfg = MinSizeRel|x64
		{18FA00A8-2562-397C-9B9E-69D4602D57EB}.MinSizeRel|x64.Build.0 = MinSizeRel|x64
		{18FA00A8-2562-397C-9B9E-69D4602D57EB}.RelWithDebInfo|x64.ActiveCfg = RelWithDebInfo|x64
		{18FA00A8-2562-397C-9B9E-69D4602D57EB}.RelWithDebInfo|x64.Build.0 = RelWithDebInfo|x64
		{53C96D24-9B37-362B-B79A-3B54F5A92DC9}.Debug|x64.ActiveCfg = Debug|x64
		{53C96D24-9B37-362B-B79A-3B54F5A92DC9}.Release|x64.ActiveCfg = Release|x64
		{53C96D24-9B37-362B-B79A-3B54F5A92DC9}.MinSizeRel|x64.ActiveCfg = MinSizeRel|x64
		{53C96D24-9B37-362B-B79A-3B54F5A92DC9}.RelWithDebInfo|x64.ActiveCfg = RelWithDebInfo|x64
		{0BEFC7D6-93B3-3FB0-9AEA-3A5558D87061}.Debug|x64.ActiveCfg = Debug|x64
		{0BEFC7D6-93B3-3FB0-9AEA-3A5558D87061}.Debug|x64.Build.0 = Debug|x64
		{0BEFC7D6-93B3-3FB0-9AEA-3A5558D87061}.Release|x64.ActiveCfg = Release|x64
		{0BEFC7D6-93B3-3FB0-9AEA-3A5558D87061}.Release|x64.Build.0 = Release|x64
		{0BEFC7D6-93B3-3FB0-9AEA-3A5558D87061}.MinSizeRel|x64.ActiveCfg = MinSizeRel|x64
		{0BEFC7D6-93B3-3FB0-9AEA-3A5558D87061}.MinSizeRel|x64.Build.0 = MinSizeRel|x64
		{0BEFC7D6-93B3-3FB0-9AEA-3A5558D87061}.RelWithDebInfo|x64.ActiveCfg = RelWithDebInfo|x64
		{0BEFC7D6-93B3-3FB0-9AEA-3A5558D87061}.RelWithDebInfo|x64.Build.0 = RelWithDebInfo|x64
		{47CAC588-E174-353D-A2B7-C42C44C4352F}.Debug|x64.ActiveCfg = Debug|x64
		{47CAC588-E174-353D-A2B7-C42C44C4352F}.Debug|x64.Build.0 = Debug|x64
		{47CAC588-E174-353D-A2B7-C42C44C4352F}.Release|x64.ActiveCfg = Release|x64
		{47CAC588-E174-353D-A2B7-C42C44C4352F}.Release|x64.Build.0 = Release|x64
		{47CAC588-E174-353D-A2B7-C42C44C4352F}.MinSizeRel|x64.ActiveCfg = MinSizeRel|x64
		{47CAC588-E174-353D-A2B7-C42C44C4352F}.MinSizeRel|x64.Build.0 = MinSizeRel|x64
		{47CAC588-E174-353D-A2B7-C42C44C4352F}.RelWithDebInfo|x64.ActiveCfg = RelWithDebInfo|x64
		{47CAC588-E174-353D-A2B7-C42C44C4352F}.RelWithDebInfo|x64.Build.0 = RelWithDebInfo|x64
	EndGlobalSection
	GlobalSection(ExtensibilityGlobals) = postSolution
		SolutionGuid = {C5F44C18-9D81-386F-9819-74825F9244FE}
	EndGlobalSection
	GlobalSection(ExtensibilityAddIns) = postSolution
	EndGlobalSection
EndGlobal
