<?xml version="1.0" encoding="utf-8"?>
<Project ToolsVersion="4.0" xmlns="http://schemas.microsoft.com/developer/msbuild/2003">
  <ItemGroup>
    <Filter Include="Source Files">
      <UniqueIdentifier>{4FC737F1-C7A5-4376-A066-2A32D752A2FF}</UniqueIdentifier>
      <Extensions>cpp;c;cc;cxx;c++;cppm;ixx;def;odl;idl;hpj;bat;asm;asmx</Extensions>
    </Filter>
    <Filter Include="Header Files">
      <UniqueIdentifier>{93995380-89BD-4b04-88EB-625FBE52EBFB}</UniqueIdentifier>
      <Extensions>h;hh;hpp;hxx;h++;hm;inl;inc;ipp;xsd</Extensions>
    </Filter>
    <Filter Include="Resource Files">
      <UniqueIdentifier>{67DA6AB6-F800-4c08-8B7A-83BB121AAD01}</UniqueIdentifier>
      <Extensions>rc;ico;cur;bmp;dlg;rc2;rct;bin;rgs;gif;jpg;jpeg;jpe;resx;tiff;tif;png;wav;mfcribbon-ms</Extensions>
    </Filter>
    <Filter Include="Source Files\Renderer">
      <UniqueIdentifier>{06a3b962-13cc-455f-8eb9-727dc8145ab4}</UniqueIdentifier>
    </Filter>
    <Filter Include="Source Files\Common">
      <UniqueIdentifier>{db2e8a43-870d-4711-986e-167d4d05846f}</UniqueIdentifier>
    </Filter>
    <Filter Include="Source Files\Shaders">
      <UniqueIdentifier>{237526dc-0d0e-4768-98d7-6ec5741915b1}</UniqueIdentifier>
    </Filter>
    <Filter Include="Source Files\Primitives">
      <UniqueIdentifier>{5b0434a6-11ce-46ef-9f1d-08133e705044}</UniqueIdentifier>
    </Filter>
    <Filter Include="Source Files\2D">
      <UniqueIdentifier>{145dfd6e-6d22-4250-ae28-c09053934951}</UniqueIdentifier>
    </Filter>
    <Filter Include="Source Files\Lights">
      <UniqueIdentifier>{75fc00dc-2049-4ed2-83a8-344eecf5d204}</UniqueIdentifier>
    </Filter>
    <Filter Include="Source Files\Shaders\Constants">
      <UniqueIdentifier>{81671f56-b8e7-40ff-9b67-2b44d949e9db}</UniqueIdentifier>
    </Filter>
    <Filter Include="Source Files\Shaders\Compiler">
      <UniqueIdentifier>{1a8cd92a-3b92-4ef9-8b01-4d25b2adda6c}</UniqueIdentifier>
    </Filter>
    <Filter Include="Source Files\3D">
      <UniqueIdentifier>{b90e3106-5ec8-46d2-abb0-1ec03d971076}</UniqueIdentifier>
    </Filter>
    <Filter Include="Source Files\Utils">
      <UniqueIdentifier>{31a7973f-b5e6-4f9a-bc03-8f524e2e5798}</UniqueIdentifier>
    </Filter>
    <Filter Include="Source Files\Templates">
      <UniqueIdentifier>{19e99977-8809-4607-a1a2-5d417fc45f09}</UniqueIdentifier>
    </Filter>
    <Filter Include="Source Files\FileSystem">
      <UniqueIdentifier>{adb4d0b5-8a68-4e68-9619-c4bd2d5911f7}</UniqueIdentifier>
    </Filter>
  </ItemGroup>
  <ItemGroup>
    <ClInclude Include="targetver.h">
      <Filter>Header Files</Filter>
    </ClInclude>
    <ClInclude Include="Common\d3dx12.h">
      <Filter>Header Files</Filter>
    </ClInclude>
    <ClInclude Include="Common\DirectXHelper.h">
      <Filter>Source Files\Common</Filter>
    </ClInclude>
    <ClInclude Include="Common\StepTimer.h">
      <Filter>Source Files\Common</Filter>
    </ClInclude>
    <ClInclude Include="Resource.h">
      <Filter>Header Files</Filter>
    </ClInclude>
    <ClInclude Include="Engine.h">
      <Filter>Source Files</Filter>
    </ClInclude>
    <ClInclude Include="pch.h">
      <Filter>Source Files</Filter>
    </ClInclude>
    <ClInclude Include="pch\Application.h">
      <Filter>Header Files</Filter>
    </ClInclude>
    <ClInclude Include="pch\Json.h">
      <Filter>Header Files</Filter>
    </ClInclude>
    <ClInclude Include="pch\NoStd.h">
      <Filter>Header Files</Filter>
    </ClInclude>
    <ClInclude Include="pch\DXTypes.h">
      <Filter>Header Files</Filter>
    </ClInclude>
    <ClInclude Include="GameDecl.h">
      <Filter>Header Files</Filter>
    </ClInclude>
    <ClInclude Include="pch\Debug.h">
      <Filter>Header Files</Filter>
    </ClInclude>
    <ClInclude Include="pch\ShaderMaterials.h">
      <Filter>Header Files</Filter>
    </ClInclude>
    <ClInclude Include="pch\DDSTextures.h">
      <Filter>Header Files</Filter>
    </ClInclude>
    <ClInclude Include="pch\UUID.h">
      <Filter>Header Files</Filter>
    </ClInclude>
    <ClInclude Include="pch\RefTracker.h">
      <Filter>Header Files</Filter>
    </ClInclude>
    <ClInclude Include="pch\NoMath.h">
      <Filter>Header Files</Filter>
    </ClInclude>
    <ClInclude Include="JExpose\JExpose.h">
      <Filter>Header Files</Filter>
    </ClInclude>
    <ClInclude Include="JExpose\Attributes\JDecl.h">
      <Filter>Header Files</Filter>
    </ClInclude>
    <ClInclude Include="JExpose\JEnd.h">
      <Filter>Header Files</Filter>
    </ClInclude>
    <ClInclude Include="JExpose\Attributes\JInit.h">
      <Filter>Header Files</Filter>
    </ClInclude>
    <ClInclude Include="JExpose\Templates\ShaderAtt.h">
      <Filter>Header Files</Filter>
    </ClInclude>
    <ClInclude Include="JExpose\Templates\RenderPassAtt.h">
      <Filter>Header Files</Filter>
    </ClInclude>
    <ClInclude Include="JExpose\Templates\TextureAtt.h">
      <Filter>Header Files</Filter>
    </ClInclude>
    <ClInclude Include="Scene\Renderable\RenderableAtt.h">
      <Filter>Header Files</Filter>
    </ClInclude>
    <ClInclude Include="JExpose\Templates\MaterialAtt.h">
      <Filter>Header Files</Filter>
    </ClInclude>
    <ClInclude Include="Scene\Camera\CameraAtt.h">
      <Filter>Header Files</Filter>
    </ClInclude>
    <ClInclude Include="JExpose\Templates\Model3DAtt.h">
      <Filter>Header Files</Filter>
    </ClInclude>
    <ClInclude Include="Scene\Sound\SoundFXAtt.h">
      <Filter>Header Files</Filter>
    </ClInclude>
    <ClInclude Include="JExpose\Templates\SoundAtt.h">
      <Filter>Header Files</Filter>
    </ClInclude>
    <ClInclude Include="Scene\Light\LightAtt.h">
      <Filter>Header Files</Filter>
    </ClInclude>
    <ClInclude Include="pch\JExposeEditor.h">
      <Filter>Header Files</Filter>
    </ClInclude>
    <ClInclude Include="JExpose\Attributes\JOrder.h">
      <Filter>Header Files</Filter>
    </ClInclude>
    <ClInclude Include="JExpose\Attributes\JFlags.h">
      <Filter>Header Files</Filter>
    </ClInclude>
    <ClInclude Include="JExpose\Editor\JDrawersDecl.h">
      <Filter>Header Files</Filter>
    </ClInclude>
    <ClInclude Include="JExpose\JObject.h">
      <Filter>Header Files</Filter>
    </ClInclude>
    <ClInclude Include="JExpose\Attributes\JUpdate.h">
      <Filter>Header Files</Filter>
    </ClInclude>
    <ClInclude Include="JExpose\JTypes.h">
      <Filter>Header Files</Filter>
    </ClInclude>
    <ClInclude Include="JExpose\Editor\JDrawersDef.h">
      <Filter>Header Files</Filter>
    </ClInclude>
    <ClInclude Include="JExpose\TrackUUID\JDef.h">
      <Filter>Header Files</Filter>
    </ClInclude>
    <ClInclude Include="JExpose\TrackUUID\JDecl.h">
      <Filter>Header Files</Filter>
    </ClInclude>
    <ClInclude Include="JExpose\Creator\JRequired.h">
      <Filter>Header Files</Filter>
    </ClInclude>
    <ClInclude Include="JExpose\Creator\JDrawersDecl.h">
      <Filter>Header Files</Filter>
    </ClInclude>
    <ClInclude Include="JExpose\Creator\JDrawersDef.h">
      <Filter>Header Files</Filter>
    </ClInclude>
    <ClInclude Include="JExpose\Creator\JJsonDecl.h">
      <Filter>Header Files</Filter>
    </ClInclude>
    <ClInclude Include="JExpose\Creator\JJsonDef.h">
      <Filter>Header Files</Filter>
    </ClInclude>
    <ClInclude Include="JExpose\TrackUUID\JInsert.h">
      <Filter>Header Files</Filter>
    </ClInclude>
    <ClInclude Include="JExpose\TrackUUID\JClear.h">
      <Filter>Header Files</Filter>
    </ClInclude>
    <ClInclude Include="JExpose\TrackUUID\JErase.h">
      <Filter>Header Files</Filter>
    </ClInclude>
    <ClInclude Include="JExpose\Creator\JValidatorDecl.h">
      <Filter>Header Files</Filter>
    </ClInclude>
    <ClInclude Include="JExpose\Creator\JValidatorDef.h">
      <Filter>Header Files</Filter>
    </ClInclude>
    <ClInclude Include="JExpose\Attributes\JExpose.h">
      <Filter>Header Files</Filter>
    </ClInclude>
    <ClInclude Include="JExpose\TrackUUID\JExpose.h">
      <Filter>Header Files</Filter>
    </ClInclude>
    <ClInclude Include="JExpose\Editor\JExpose.h">
      <Filter>Header Files</Filter>
    </ClInclude>
    <ClInclude Include="JExpose\Creator\JExpose.h">
      <Filter>Header Files</Filter>
    </ClInclude>
    <ClInclude Include="JExpose\Functions\JEdvEditorDrawer.h">
      <Filter>Header Files</Filter>
    </ClInclude>
    <ClInclude Include="JExpose\Functions\JEdvCreatorDrawer.h">
      <Filter>Header Files</Filter>
    </ClInclude>
    <ClInclude Include="JExpose\Functions\JEdvCreatorValidator.h">
      <Filter>Header Files</Filter>
    </ClInclude>
    <ClInclude Include="JExpose\Editor\JSaveFile.h">
      <Filter>Header Files</Filter>
    </ClInclude>
    <ClInclude Include="JExpose\Editor\JPreviewDecl.h">
      <Filter>Header Files</Filter>
    </ClInclude>
    <ClInclude Include="JExpose\Editor\JPreviewDef.h">
      <Filter>Header Files</Filter>
    </ClInclude>
    <ClInclude Include="pch\GameStateMachine.h">
      <Filter>Header Files</Filter>
    </ClInclude>
    <ClInclude Include="EngineInc.h">
      <Filter>Header Files</Filter>
    </ClInclude>
    <ClInclude Include="JExpose\Editor\JWriteJson.h">
      <Filter>Header Files</Filter>
    </ClInclude>
    <ClInclude Include="JExpose\Attributes\JDestroy.h">
      <Filter>Header Files</Filter>
    </ClInclude>
    <ClInclude Include="Scripting\Scripting.h">
      <Filter>Header Files</Filter>
    </ClInclude>
    <ClInclude Include="Renderer\Renderer.h">
      <Filter>Header Files</Filter>
    </ClInclude>
    <ClInclude Include="Renderer\DeviceUtils\D3D12Device\Builder.h">
      <Filter>Header Files</Filter>
    </ClInclude>
    <ClInclude Include="Renderer\DeviceUtils\RenderToTexture\RenderToTexture.h">
      <Filter>Header Files</Filter>
    </ClInclude>
    <ClInclude Include="Renderer\DeviceUtils\ConstantsBuffer\ConstantsBuffer.h">
      <Filter>Header Files</Filter>
    </ClInclude>
    <ClInclude Include="Renderer\DeviceUtils\DescriptorHeap\DescriptorHeap.h">
      <Filter>Header Files</Filter>
    </ClInclude>
    <ClInclude Include="Renderer\DeviceUtils\D3D12Device\Interop.h">
      <Filter>Header Files</Filter>
    </ClInclude>
    <ClInclude Include="Templates\Templates.h">
      <Filter>Header Files</Filter>
    </ClInclude>
    <ClInclude Include="Templates\Shader\Shader.h">
      <Filter>Header Files</Filter>
    </ClInclude>
    <ClInclude Include="Templates\JTemplate.h">
      <Filter>Header Files</Filter>
    </ClInclude>
    <ClInclude Include="Templates\TemplateDecl.h">
      <Filter>Header Files</Filter>
    </ClInclude>
    <ClInclude Include="Templates\TemplateDef.h">
      <Filter>Header Files</Filter>
    </ClInclude>
    <ClInclude Include="Shaders\Compiler\ShaderCompiler.h">
      <Filter>Header Files</Filter>
    </ClInclude>
    <ClInclude Include="Shaders\Compiler\CustomIncludeHandler.h">
      <Filter>Header Files</Filter>
    </ClInclude>
    <ClInclude Include="Shaders\Compiler\CompilerQueue.h">
      <Filter>Header Files</Filter>
    </ClInclude>
    <ClInclude Include="Editor\Editor.h">
      <Filter>Header Files</Filter>
    </ClInclude>
    <ClInclude Include="Templates\Sound\Sound.h">
      <Filter>Header Files</Filter>
    </ClInclude>
    <ClInclude Include="Audio\AudioSystem.h">
      <Filter>Header Files</Filter>
    </ClInclude>
    <ClInclude Include="Templates\Textures\Texture.h">
      <Filter>Header Files</Filter>
    </ClInclude>
    <ClInclude Include="Templates\Material\BlendDesc.h">
      <Filter>Header Files</Filter>
    </ClInclude>
    <ClInclude Include="Templates\Material\Material.h">
      <Filter>Header Files</Filter>
    </ClInclude>
    <ClInclude Include="Templates\Material\MeshMaterial.h">
      <Filter>Header Files</Filter>
    </ClInclude>
    <ClInclude Include="Templates\Material\RasterizerDesc.h">
      <Filter>Header Files</Filter>
    </ClInclude>
    <ClInclude Include="Templates\Material\SamplerDesc.h">
      <Filter>Header Files</Filter>
    </ClInclude>
    <ClInclude Include="Templates\Material\Variables.h">
      <Filter>Header Files</Filter>
    </ClInclude>
    <ClInclude Include="Renderer\VertexFormats.h">
      <Filter>Header Files</Filter>
    </ClInclude>
    <ClInclude Include="Templates\Mesh\Mesh.h">
      <Filter>Header Files</Filter>
    </ClInclude>
    <ClInclude Include="Primitives\BoxLines.h">
      <Filter>Header Files</Filter>
    </ClInclude>
    <ClInclude Include="Primitives\Cone.h">
      <Filter>Header Files</Filter>
    </ClInclude>
    <ClInclude Include="Primitives\Cube.h">
      <Filter>Header Files</Filter>
    </ClInclude>
    <ClInclude Include="Primitives\Decal.h">
      <Filter>Header Files</Filter>
    </ClInclude>
    <ClInclude Include="Primitives\Floor.h">
      <Filter>Header Files</Filter>
    </ClInclude>
    <ClInclude Include="Primitives\Pentahedron.h">
      <Filter>Header Files</Filter>
    </ClInclude>
    <ClInclude Include="Primitives\Primitive.h">
      <Filter>Header Files</Filter>
    </ClInclude>
    <ClInclude Include="Primitives\Primitives.h">
      <Filter>Header Files</Filter>
    </ClInclude>
    <ClInclude Include="Primitives\Sphere.h">
      <Filter>Header Files</Filter>
    </ClInclude>
    <ClInclude Include="Primitives\UtahTeapot.h">
      <Filter>Header Files</Filter>
    </ClInclude>
    <ClInclude Include="Templates\RenderPass\RenderPass.h">
      <Filter>Header Files</Filter>
    </ClInclude>
    <ClInclude Include="Templates\Model3D\Model3D.h">
      <Filter>Header Files</Filter>
    </ClInclude>
    <ClInclude Include="Animation\Sequence\AnimationSequences.h">
      <Filter>Header Files</Filter>
    </ClInclude>
    <ClInclude Include="Animation\Sequence\Channels\ChannelElement.h">
      <Filter>Header Files</Filter>
    </ClInclude>
    <ClInclude Include="Animation\Sequence\Channels\Elements\SequenceChannelElement.h">
      <Filter>Header Files</Filter>
    </ClInclude>
    <ClInclude Include="Animation\Sequence\Channels\Elements\SequenceChannelElementAnimation.h">
      <Filter>Header Files</Filter>
    </ClInclude>
    <ClInclude Include="Animation\Sequence\Channels\Elements\SequenceChannelElementScript.h">
      <Filter>Header Files</Filter>
    </ClInclude>
    <ClInclude Include="Animation\Sequence\Channels\Elements\SequenceChannelElementSoundFX.h">
      <Filter>Header Files</Filter>
    </ClInclude>
    <ClInclude Include="Animation\Sequence\Channels\Elements\SequenceChannelElementTransformation.h">
      <Filter>Header Files</Filter>
    </ClInclude>
    <ClInclude Include="Animation\Sequence\Sequence.h">
      <Filter>Header Files</Filter>
    </ClInclude>
    <ClInclude Include="Animation\Sequence\SequenceChannel.h">
      <Filter>Header Files</Filter>
    </ClInclude>
    <ClInclude Include="Animation\Sequence\SequencePlayer.h">
      <Filter>Header Files</Filter>
    </ClInclude>
    <ClInclude Include="Scene\SceneObjectDecl.h">
      <Filter>Header Files</Filter>
    </ClInclude>
    <ClInclude Include="Scene\SceneObjectDef.h">
      <Filter>Header Files</Filter>
    </ClInclude>
    <ClInclude Include="Scene\SceneObject.h">
      <Filter>Header Files</Filter>
    </ClInclude>
    <ClInclude Include="Scene\Scene.h">
      <Filter>Header Files</Filter>
    </ClInclude>
    <ClInclude Include="Scene\Binder.h">
      <Filter>Header Files</Filter>
    </ClInclude>
    <ClInclude Include="Renderer\DeviceUtils\CommandsProcessor\CommandsProcessor.h">
      <Filter>Header Files</Filter>
    </ClInclude>
    <ClInclude Include="Scene\Level.h">
      <Filter>Header Files</Filter>
    </ClInclude>
    <ClInclude Include="Scene\Camera\Projections\Perspective.h">
      <Filter>Header Files</Filter>
    </ClInclude>
    <ClInclude Include="Scene\Camera\Projections\Orthographic.h">
      <Filter>Header Files</Filter>
    </ClInclude>
    <ClInclude Include="Scene\Camera\Camera.h">
      <Filter>Header Files</Filter>
    </ClInclude>
    <ClInclude Include="Renderer\DeviceUtils\VertexBuffer\VertexBuffer.h">
      <Filter>Header Files</Filter>
    </ClInclude>
    <ClInclude Include="Renderer\DeviceUtils\Resources\Resources.h">
      <Filter>Header Files</Filter>
    </ClInclude>
    <ClInclude Include="Renderer\DeviceUtils\IndexBuffer\IndexBuffer.h">
      <Filter>Header Files</Filter>
    </ClInclude>
    <ClInclude Include="Scene\Light\Light.h">
      <Filter>Header Files</Filter>
    </ClInclude>
    <ClInclude Include="Scene\Light\ShadowMap.h">
      <Filter>Header Files</Filter>
    </ClInclude>
    <ClInclude Include="Renderer\DeviceUtils\RenderPass\RenderToTexturePass.h">
      <Filter>Header Files</Filter>
    </ClInclude>
    <ClInclude Include="Renderer\DeviceUtils\RenderTarget\RenderTarget.h">
      <Filter>Header Files</Filter>
    </ClInclude>
    <ClInclude Include="Renderer\DeviceUtils\RenderPass\SwapChainPass.h">
      <Filter>Header Files</Filter>
    </ClInclude>
    <ClInclude Include="Templates\RenderPass\PassMaterialOverride.h">
      <Filter>Header Files</Filter>
    </ClInclude>
    <ClInclude Include="Templates\RenderPass\Override\ToneMappingPass.h">
      <Filter>Header Files</Filter>
    </ClInclude>
    <ClInclude Include="Templates\RenderPass\Override\MinMaxChainPass.h">
      <Filter>Header Files</Filter>
    </ClInclude>
    <ClInclude Include="Templates\RenderPass\Override\MinMaxChainResultPass.h">
      <Filter>Header Files</Filter>
    </ClInclude>
    <ClInclude Include="Templates\RenderPass\Override\OverridePass.h">
      <Filter>Header Files</Filter>
    </ClInclude>
    <ClInclude Include="Templates\RenderPass\Override\ResolvePass.h">
      <Filter>Header Files</Filter>
    </ClInclude>
    <ClInclude Include="Scene\Sound\SoundFX.h">
      <Filter>Header Files</Filter>
    </ClInclude>
    <ClInclude Include="Scene\Renderable\Renderable.h">
      <Filter>Header Files</Filter>
    </ClInclude>
    <ClInclude Include="Controllers\Controller.h">
      <Filter>Header Files</Filter>
    </ClInclude>
    <ClInclude Include="Renderer\DeviceUtils\RootSignature\RootSignature.h">
      <Filter>Header Files</Filter>
    </ClInclude>
    <ClInclude Include="Renderer\DeviceUtils\PipelineState\PipelineState.h">
      <Filter>Header Files</Filter>
    </ClInclude>
    <ClInclude Include="Animation\Animated.h">
      <Filter>Header Files</Filter>
    </ClInclude>
    <ClInclude Include="Scene\SceneUnit.h">
      <Filter>Header Files</Filter>
    </ClInclude>
    <ClInclude Include="Editor\DefaultLevel.h">
      <Filter>Header Files</Filter>
    </ClInclude>
    <ClInclude Include="Editor\ImEditor.h">
      <Filter>Header Files</Filter>
    </ClInclude>
    <ClInclude Include="Editor\IconsFontAwesome5.h">
      <Filter>Header Files</Filter>
    </ClInclude>
    <ClInclude Include="Utils\ImageConvert.h">
      <Filter>Header Files</Filter>
    </ClInclude>
    <ClInclude Include="JExpose\TrackUUID\JClearUnit.h">
      <Filter>Header Files</Filter>
    </ClInclude>
    <ClInclude Include="Editor\RightPanelComponent.h">
      <Filter>Header Files</Filter>
    </ClInclude>
    <ClInclude Include="Editor\CreatorModal.h">
      <Filter>Header Files</Filter>
    </ClInclude>
    <ClInclude Include="Shaders\Compute\Renderable\RenderableBoundingBox.h">
      <Filter>Header Files</Filter>
    </ClInclude>
    <ClInclude Include="Shaders\Compute\ComputeInterface.h">
      <Filter>Header Files</Filter>
    </ClInclude>
    <ClInclude Include="Shaders\Compute\ComputeShader.h">
      <Filter>Header Files</Filter>
    </ClInclude>
    <ClInclude Include="Shaders\Compute\IBL\BRDFLUT.h">
      <Filter>Header Files</Filter>
    </ClInclude>
    <ClInclude Include="Shaders\Compute\IBL\PreFilteredEnvironmentMap.h">
      <Filter>Header Files</Filter>
    </ClInclude>
    <ClInclude Include="Shaders\Compute\IBL\DiffuseIrradianceMap.h">
      <Filter>Header Files</Filter>
    </ClInclude>
    <ClInclude Include="Shaders\Compute\HDR\LuminanceHistogramAverage.h">
      <Filter>Header Files</Filter>
    </ClInclude>
    <ClInclude Include="Shaders\Compute\HDR\LuminanceHistogram.h">
      <Filter>Header Files</Filter>
    </ClInclude>
    <ClInclude Include="Editor\AnimationSequencerModal.h">
      <Filter>Header Files</Filter>
    </ClInclude>
    <ClInclude Include="Editor\DeletePrompt.h">
      <Filter>Header Files</Filter>
    </ClInclude>
    <ClInclude Include="Editor\Timeline\TimelineChannel.h">
      <Filter>Header Files</Filter>
    </ClInclude>
    <ClInclude Include="Editor\Timeline\TimelineEditor.h">
      <Filter>Header Files</Filter>
    </ClInclude>
    <ClInclude Include="Editor\Timeline\TimelinePopups.h">
      <Filter>Header Files</Filter>
    </ClInclude>
    <ClInclude Include="Game\Game.h">
      <Filter>Header Files</Filter>
    </ClInclude>
    <ClInclude Include="Game\BootLevel\BootLevel.h">
      <Filter>Header Files</Filter>
    </ClInclude>
    <ClInclude Include="pch\GameEngineState.h">
      <Filter>Header Files</Filter>
    </ClInclude>
    <ClInclude Include="Game\GameEngineStates\GameEngineBoot.h">
      <Filter>Header Files</Filter>
    </ClInclude>
    <ClInclude Include="Editor\MousePicking.h">
      <Filter>Header Files</Filter>
    </ClInclude>
    <ClInclude Include="Editor\EditorMouseCamera.h">
      <Filter>Header Files</Filter>
    </ClInclude>
    <ClInclude Include="Editor\YesNoCancelModal.h">
      <Filter>Header Files</Filter>
    </ClInclude>
    <ClInclude Include="Physics\Physics.h">
      <Filter>Header Files</Filter>
    </ClInclude>
    <ClInclude Include="pch\SceneUnitId.h">
      <Filter>Header Files</Filter>
    </ClInclude>
    <ClInclude Include="Physics\PhysicScene.h">
      <Filter>Header Files</Filter>
    </ClInclude>
    <ClInclude Include="Physics\PhysicSceneAtt.h">
      <Filter>Header Files</Filter>
    </ClInclude>
    <ClInclude Include="Physics\PhysicObjectAtt.h">
      <Filter>Header Files</Filter>
    </ClInclude>
    <ClInclude Include="Physics\PhysicObject.h">
      <Filter>Header Files</Filter>
    </ClInclude>
    <ClInclude Include="Physics\PhysicGeometry.h">
      <Filter>Header Files</Filter>
    </ClInclude>
    <ClInclude Include="JExpose\Templates\PhysicGeometryAtt.h">
      <Filter>Header Files</Filter>
    </ClInclude>
    <ClInclude Include="Physics\TriggerAtt.h">
      <Filter>Header Files</Filter>
    </ClInclude>
    <ClInclude Include="Physics\Trigger.h">
      <Filter>Header Files</Filter>
    </ClInclude>
    <ClInclude Include="JExpose\Primitives\SphereAtt.h">
      <Filter>Header Files</Filter>
    </ClInclude>
    <ClInclude Include="Primitives\Capsule.h">
      <Filter>Header Files</Filter>
    </ClInclude>
    <ClInclude Include="JExpose\Primitives\ConeAtt.h">
      <Filter>Header Files</Filter>
    </ClInclude>
    <ClInclude Include="JExpose\Primitives\CapsuleAtt.h">
      <Filter>Header Files</Filter>
    </ClInclude>
    <ClInclude Include="Templates\Material\DepthStencilDesc.h">
      <Filter>Header Files</Filter>
    </ClInclude>
    <ClInclude Include="Physics\ContactCallback.h">
      <Filter>Header Files</Filter>
    </ClInclude>
    <ClInclude Include="JExpose\Primitives\CubeAtt.h">
      <Filter>Header Files</Filter>
    </ClInclude>
    <ClInclude Include="pch\DeleteHook.h">
      <Filter>Header Files</Filter>
    </ClInclude>
    <ClInclude Include="Physics\Boundary.h">
      <Filter>Header Files</Filter>
    </ClInclude>
    <ClInclude Include="JExpose\Controllers\ControllerAtt.h">
      <Filter>Header Files</Filter>
    </ClInclude>
    <ClInclude Include="Physics\BoundaryAtt.h">
      <Filter>Header Files</Filter>
    </ClInclude>
    <ClInclude Include="Editor\SceneObjectPopup.h">
      <Filter>Header Files</Filter>
    </ClInclude>
    <ClInclude Include="Scripting\NoV8.h">
      <Filter>Source Files</Filter>
    </ClInclude>
    <ClInclude Include="Scripting\ScriptBinding.h">
      <Filter>Header Files</Filter>
    </ClInclude>
    <ClInclude Include="Editor\AssetsTree.h">
      <Filter>Header Files</Filter>
    </ClInclude>
    <ClInclude Include="Editor\Modals\ScriptBindingModal.h">
      <Filter>Header Files</Filter>
    </ClInclude>
    <ClInclude Include="Editor\Modals\ScriptEditModal.h">
      <Filter>Header Files</Filter>
    </ClInclude>
    <ClInclude Include="Editor\Modals\SimpleModal.h">
      <Filter>Header Files</Filter>
    </ClInclude>
    <ClInclude Include="Physics\CharacterHitCallback.h">
      <Filter>Header Files</Filter>
    </ClInclude>
    <ClInclude Include="Controllers\SceneController.h">
      <Filter>Header Files</Filter>
    </ClInclude>
    <ClInclude Include="Controllers\SceneControllerAtt.h">
      <Filter>Header Files</Filter>
    </ClInclude>
    <ClInclude Include="UI\UI.h">
      <Filter>Header Files</Filter>
    </ClInclude>
    <ClInclude Include="Templates\HtmlUI\HtmlUI.h">
      <Filter>Header Files</Filter>
    </ClInclude>
    <ClInclude Include="JExpose\Templates\HtmlUIAtt.h">
      <Filter>Header Files</Filter>
    </ClInclude>
    <ClInclude Include="Templates\RenderPass\Override\ResolveUIPass.h">
      <Filter>Header Files</Filter>
    </ClInclude>
    <ClInclude Include="Animation\Sequence\Channels\Elements\SequenceChannelElementTrigger.h">
      <Filter>Header Files</Filter>
    </ClInclude>
    <ClInclude Include="Animation\Sequence\Channels\Elements\SequenceChannelElementBoneTransformation.h">
      <Filter>Header Files</Filter>
    </ClInclude>
    <ClInclude Include="Animation\Sequence\Channels\Elements\TransformationKeyFrame.h">
      <Filter>Header Files</Filter>
    </ClInclude>
    <ClInclude Include="Templates\Mold\Mold.h">
      <Filter>Header Files</Filter>
    </ClInclude>
    <ClInclude Include="JExpose\Templates\MoldAtt.h">
      <Filter>Header Files</Filter>
    </ClInclude>
    <ClInclude Include="JExpose\Attributes\JStr2Flag.h">
      <Filter>Header Files</Filter>
    </ClInclude>
    <ClInclude Include="JExpose\Attributes\JV8Att.h">
      <Filter>Header Files</Filter>
    </ClInclude>
    <ClInclude Include="Scripting\SceneUnitScripting.h">
      <Filter>Header Files</Filter>
    </ClInclude>
    <ClInclude Include="Utils\Yaml2Json.h">
      <Filter>Header Files</Filter>
    </ClInclude>
  </ItemGroup>
  <ItemGroup>
    <ClCompile Include="Engine.cpp">
      <Filter>Source Files</Filter>
    </ClCompile>
    <ClCompile Include="pch.cpp">
      <Filter>Source Files</Filter>
    </ClCompile>
    <ClCompile Include="Scripting\Scripting.cpp">
      <Filter>Source Files</Filter>
    </ClCompile>
    <ClCompile Include="Renderer\Renderer.cpp">
      <Filter>Source Files</Filter>
    </ClCompile>
    <ClCompile Include="Renderer\DeviceUtils\D3D12Device\Builder.cpp">
      <Filter>Source Files</Filter>
    </ClCompile>
    <ClCompile Include="Renderer\DeviceUtils\RenderToTexture\RenderToTexture.cpp">
      <Filter>Source Files</Filter>
    </ClCompile>
    <ClCompile Include="Renderer\DeviceUtils\ConstantsBuffer\ConstantsBuffer.cpp">
      <Filter>Source Files</Filter>
    </ClCompile>
    <ClCompile Include="Renderer\DeviceUtils\DescriptorHeap\DescriptorHeap.cpp">
      <Filter>Source Files</Filter>
    </ClCompile>
    <ClCompile Include="Renderer\DeviceUtils\D3D12Device\Interop.cpp">
      <Filter>Source Files</Filter>
    </ClCompile>
    <ClCompile Include="Templates\Templates.cpp">
      <Filter>Source Files</Filter>
    </ClCompile>
    <ClCompile Include="Templates\Shader\Shader.cpp">
      <Filter>Source Files</Filter>
    </ClCompile>
    <ClCompile Include="Shaders\Compiler\ShaderCompiler.cpp">
      <Filter>Source Files</Filter>
    </ClCompile>
    <ClCompile Include="Shaders\Compiler\CustomIncludeHandler.cpp">
      <Filter>Source Files</Filter>
    </ClCompile>
    <ClCompile Include="Editor\Editor.cpp">
      <Filter>Source Files</Filter>
    </ClCompile>
    <ClCompile Include="Templates\Sound\Sound.cpp">
      <Filter>Source Files</Filter>
    </ClCompile>
    <ClCompile Include="Audio\AudioSystem.cpp">
      <Filter>Source Files</Filter>
    </ClCompile>
    <ClCompile Include="Templates\Textures\Texture.cpp">
      <Filter>Source Files</Filter>
    </ClCompile>
    <ClCompile Include="Templates\Material\Material.cpp">
      <Filter>Source Files</Filter>
    </ClCompile>
    <ClCompile Include="Templates\Material\Variables.cpp">
      <Filter>Source Files</Filter>
    </ClCompile>
    <ClCompile Include="Renderer\VertexFormats.cpp">
      <Filter>Source Files</Filter>
    </ClCompile>
    <ClCompile Include="Templates\Mesh\Mesh.cpp">
      <Filter>Source Files</Filter>
    </ClCompile>
    <ClCompile Include="Primitives\BoxLines.cpp">
      <Filter>Source Files</Filter>
    </ClCompile>
    <ClCompile Include="Primitives\Cone.cpp">
      <Filter>Source Files</Filter>
    </ClCompile>
    <ClCompile Include="Primitives\Cube.cpp">
      <Filter>Source Files</Filter>
    </ClCompile>
    <ClCompile Include="Primitives\Decal.cpp">
      <Filter>Source Files</Filter>
    </ClCompile>
    <ClCompile Include="Primitives\Floor.cpp">
      <Filter>Source Files</Filter>
    </ClCompile>
    <ClCompile Include="Primitives\Pentahedron.cpp">
      <Filter>Source Files</Filter>
    </ClCompile>
    <ClCompile Include="Primitives\Sphere.cpp">
      <Filter>Source Files</Filter>
    </ClCompile>
    <ClCompile Include="Primitives\UtahTeapot.cpp">
      <Filter>Source Files</Filter>
    </ClCompile>
    <ClCompile Include="Templates\RenderPass\RenderPass.cpp">
      <Filter>Source Files</Filter>
    </ClCompile>
    <ClCompile Include="Templates\Model3D\Model3D.cpp">
      <Filter>Source Files</Filter>
    </ClCompile>
    <ClCompile Include="Animation\Sequence\AnimationSequences.cpp">
      <Filter>Source Files</Filter>
    </ClCompile>
    <ClCompile Include="Animation\Sequence\Channels\Elements\SequenceChannelElement.cpp">
      <Filter>Source Files</Filter>
    </ClCompile>
    <ClCompile Include="Animation\Sequence\Channels\Elements\SequenceChannelElementAnimation.cpp">
      <Filter>Source Files</Filter>
    </ClCompile>
    <ClCompile Include="Animation\Sequence\Channels\Elements\SequenceChannelElementScript.cpp">
      <Filter>Source Files</Filter>
    </ClCompile>
    <ClCompile Include="Animation\Sequence\Channels\Elements\SequenceChannelElementSoundFX.cpp">
      <Filter>Source Files</Filter>
    </ClCompile>
    <ClCompile Include="Animation\Sequence\Channels\Elements\SequenceChannelElementTransformation.cpp">
      <Filter>Source Files</Filter>
    </ClCompile>
    <ClCompile Include="Animation\Sequence\Channels\ChannelElement.cpp">
      <Filter>Source Files</Filter>
    </ClCompile>
    <ClCompile Include="Animation\Sequence\Sequence.cpp">
      <Filter>Source Files</Filter>
    </ClCompile>
    <ClCompile Include="Animation\Sequence\SequenceChannel.cpp">
      <Filter>Source Files</Filter>
    </ClCompile>
    <ClCompile Include="Animation\Sequence\SequencePlayer.cpp">
      <Filter>Source Files</Filter>
    </ClCompile>
    <ClCompile Include="Scene\SceneObject.cpp">
      <Filter>Source Files</Filter>
    </ClCompile>
    <ClCompile Include="Scene\Scene.cpp">
      <Filter>Source Files</Filter>
    </ClCompile>
    <ClCompile Include="Scene\Binder.cpp">
      <Filter>Source Files</Filter>
    </ClCompile>
    <ClCompile Include="Renderer\DeviceUtils\CommandsProcessor\CommandsProcessor.cpp">
      <Filter>Source Files</Filter>
    </ClCompile>
    <ClCompile Include="Scene\Level.cpp">
      <Filter>Source Files</Filter>
    </ClCompile>
    <ClCompile Include="Scene\Camera\Camera.cpp">
      <Filter>Source Files</Filter>
    </ClCompile>
    <ClCompile Include="Renderer\DeviceUtils\VertexBuffer\VertexBuffer.cpp">
      <Filter>Source Files</Filter>
    </ClCompile>
    <ClCompile Include="Renderer\DeviceUtils\Resources\Resources.cpp">
      <Filter>Source Files</Filter>
    </ClCompile>
    <ClCompile Include="Renderer\DeviceUtils\IndexBuffer\IndexBuffer.cpp">
      <Filter>Source Files</Filter>
    </ClCompile>
    <ClCompile Include="Scene\Light\Light.cpp">
      <Filter>Source Files</Filter>
    </ClCompile>
    <ClCompile Include="Scene\Light\ShadowMap.cpp">
      <Filter>Source Files</Filter>
    </ClCompile>
    <ClCompile Include="Renderer\DeviceUtils\RenderPass\RenderToTexturePass.cpp">
      <Filter>Source Files</Filter>
    </ClCompile>
    <ClCompile Include="Renderer\DeviceUtils\RenderTarget\RenderTarget.cpp">
      <Filter>Source Files</Filter>
    </ClCompile>
    <ClCompile Include="Renderer\DeviceUtils\RenderPass\SwapChainPass.cpp">
      <Filter>Source Files</Filter>
    </ClCompile>
    <ClCompile Include="Templates\RenderPass\Override\MinMaxChainPass.cpp">
      <Filter>Source Files</Filter>
    </ClCompile>
    <ClCompile Include="Templates\RenderPass\Override\MinMaxChainResultPass.cpp">
      <Filter>Source Files</Filter>
    </ClCompile>
    <ClCompile Include="Templates\RenderPass\Override\OverridePass.cpp">
      <Filter>Source Files</Filter>
    </ClCompile>
    <ClCompile Include="Templates\RenderPass\Override\ResolvePass.cpp">
      <Filter>Source Files</Filter>
    </ClCompile>
    <ClCompile Include="Templates\RenderPass\Override\ToneMappingPass.cpp">
      <Filter>Source Files</Filter>
    </ClCompile>
    <ClCompile Include="Scene\Sound\SoundFX.cpp">
      <Filter>Source Files</Filter>
    </ClCompile>
    <ClCompile Include="Scene\Renderable\Renderable.cpp">
      <Filter>Source Files</Filter>
    </ClCompile>
    <ClCompile Include="Controllers\Controller.cpp">
      <Filter>Source Files</Filter>
    </ClCompile>
    <ClCompile Include="Renderer\DeviceUtils\RootSignature\RootSignature.cpp">
      <Filter>Source Files</Filter>
    </ClCompile>
    <ClCompile Include="Renderer\DeviceUtils\PipelineState\PipelineState.cpp">
      <Filter>Source Files</Filter>
    </ClCompile>
    <ClCompile Include="Animation\Animated.cpp">
      <Filter>Source Files</Filter>
    </ClCompile>
    <ClCompile Include="Scene\SceneUnit.cpp">
      <Filter>Source Files</Filter>
    </ClCompile>
    <ClCompile Include="Editor\DefaultLevel.cpp">
      <Filter>Source Files</Filter>
    </ClCompile>
    <ClCompile Include="Editor\ImEditor.cpp">
      <Filter>Source Files</Filter>
    </ClCompile>
    <ClCompile Include="Utils\ImageConvert.cpp">
      <Filter>Source Files</Filter>
    </ClCompile>
    <ClCompile Include="Editor\RightPanelComponent.cpp">
      <Filter>Source Files</Filter>
    </ClCompile>
    <ClCompile Include="Shaders\Compute\Renderable\RenderableBoundingBox.cpp">
      <Filter>Source Files</Filter>
    </ClCompile>
    <ClCompile Include="Shaders\Compute\ComputeShader.cpp">
      <Filter>Source Files</Filter>
    </ClCompile>
    <ClCompile Include="Shaders\Compute\IBL\BRDFLUT.cpp">
      <Filter>Source Files</Filter>
    </ClCompile>
    <ClCompile Include="Shaders\Compute\IBL\DiffuseIrradianceMap.cpp">
      <Filter>Source Files</Filter>
    </ClCompile>
    <ClCompile Include="Shaders\Compute\IBL\PreFilteredEnvironmentMap.cpp">
      <Filter>Source Files</Filter>
    </ClCompile>
    <ClCompile Include="Shaders\Compute\HDR\LuminanceHistogram.cpp">
      <Filter>Source Files</Filter>
    </ClCompile>
    <ClCompile Include="Shaders\Compute\HDR\LuminanceHistogramAverage.cpp">
      <Filter>Source Files</Filter>
    </ClCompile>
    <ClCompile Include="Editor\AnimationSequencerModal.cpp">
      <Filter>Source Files</Filter>
    </ClCompile>
    <ClCompile Include="Editor\DeletePrompt.cpp">
      <Filter>Source Files</Filter>
    </ClCompile>
    <ClCompile Include="Editor\Timeline\TimelineChannel.cpp">
      <Filter>Source Files</Filter>
    </ClCompile>
    <ClCompile Include="Editor\Timeline\TimelineEditor.cpp">
      <Filter>Source Files</Filter>
    </ClCompile>
    <ClCompile Include="Editor\Timeline\TimelinePopups.cpp">
      <Filter>Source Files</Filter>
    </ClCompile>
    <ClCompile Include="Game\Game.cpp">
      <Filter>Source Files</Filter>
    </ClCompile>
    <ClCompile Include="Game\BootLevel\BootLevel.cpp">
      <Filter>Source Files</Filter>
    </ClCompile>
    <ClCompile Include="Game\GameEngineStates\GameEngineBoot.cpp">
      <Filter>Source Files</Filter>
    </ClCompile>
    <ClCompile Include="Editor\MousePicking.cpp">
      <Filter>Source Files</Filter>
    </ClCompile>
    <ClCompile Include="Editor\EditorMouseCamera.cpp">
      <Filter>Source Files</Filter>
    </ClCompile>
    <ClCompile Include="Editor\YesNoCancelModal.cpp">
      <Filter>Source Files</Filter>
    </ClCompile>
    <ClCompile Include="Physics\Physics.cpp">
      <Filter>Source Files</Filter>
    </ClCompile>
    <ClCompile Include="Physics\PhysicScene.cpp">
      <Filter>Source Files</Filter>
    </ClCompile>
    <ClCompile Include="Physics\PhysicObject.cpp">
      <Filter>Source Files</Filter>
    </ClCompile>
    <ClCompile Include="Physics\PhysicGeometry.cpp">
      <Filter>Source Files</Filter>
    </ClCompile>
    <ClCompile Include="Physics\Trigger.cpp">
      <Filter>Source Files</Filter>
    </ClCompile>
    <ClCompile Include="Primitives\Capsule.cpp">
      <Filter>Source Files</Filter>
    </ClCompile>
    <ClCompile Include="Physics\ContactCallback.cpp">
      <Filter>Source Files</Filter>
    </ClCompile>
    <ClCompile Include="Physics\Boundary.cpp">
      <Filter>Source Files</Filter>
    </ClCompile>
    <ClCompile Include="Editor\SceneObjectPopup.cpp">
      <Filter>Source Files</Filter>
    </ClCompile>
    <ClCompile Include="JExpose\Functions\JEdvEditorDrawer.cpp">
      <Filter>Source Files</Filter>
    </ClCompile>
    <ClCompile Include="JExpose\Functions\JEdvCreatorValidator.cpp">
      <Filter>Source Files</Filter>
    </ClCompile>
    <ClCompile Include="JExpose\Functions\JEdvCreatorDrawer.cpp">
      <Filter>Source Files</Filter>
    </ClCompile>
    <ClCompile Include="Scripting\NoV8.cpp">
      <Filter>Source Files</Filter>
    </ClCompile>
    <ClCompile Include="Editor\AssetsTree.cpp">
      <Filter>Source Files</Filter>
    </ClCompile>
    <ClCompile Include="Editor\Modals\ScriptBindingModal.cpp">
      <Filter>Source Files</Filter>
    </ClCompile>
    <ClCompile Include="Editor\Modals\ScriptEditModal.cpp">
      <Filter>Source Files</Filter>
    </ClCompile>
    <ClCompile Include="Editor\Modals\SimpleModal.cpp">
      <Filter>Source Files</Filter>
    </ClCompile>
    <ClCompile Include="Physics\CharacterHitCallback.cpp">
      <Filter>Source Files</Filter>
    </ClCompile>
    <ClCompile Include="Controllers\SceneController.cpp">
      <Filter>Source Files</Filter>
    </ClCompile>
    <ClCompile Include="UI\UI.cpp">
      <Filter>Source Files</Filter>
    </ClCompile>
    <ClCompile Include="Templates\HtmlUI\HtmlUI.cpp">
      <Filter>Source Files</Filter>
    </ClCompile>
    <ClCompile Include="Templates\RenderPass\Override\ResolveUIPass.cpp">
      <Filter>Source Files</Filter>
    </ClCompile>
    <ClCompile Include="Animation\Sequence\Channels\Elements\SequenceChannelElementTrigger.cpp">
      <Filter>Source Files</Filter>
    </ClCompile>
    <ClCompile Include="Animation\Sequence\Channels\Elements\SequenceChannelElementBoneTransformation.cpp">
      <Filter>Source Files</Filter>
    </ClCompile>
    <ClCompile Include="Animation\Sequence\Channels\Elements\TransformationKeyFrame.cpp">
      <Filter>Source Files</Filter>
    </ClCompile>
    <ClCompile Include="Templates\Mold\Mold.cpp">
      <Filter>Source Files</Filter>
    </ClCompile>
    <ClCompile Include="JExpose\JObject.cpp">
      <Filter>Source Files</Filter>
    </ClCompile>
    <ClCompile Include="Scripting\SceneUnitScripting.cpp">
      <Filter>Source Files</Filter>
    </ClCompile>
  </ItemGroup>
  <ItemGroup>
    <ResourceCompile Include="CulpeoEngine.rc">
      <Filter>Resource Files</Filter>
    </ResourceCompile>
  </ItemGroup>
  <ItemGroup>
    <Image Include="small.ico">
      <Filter>Resource Files</Filter>
    </Image>
    <Image Include="CulpeoEngine.ico">
      <Filter>Resource Files</Filter>
    </Image>
  </ItemGroup>
  <ItemGroup>
    <None Include="packages.config" />
  </ItemGroup>
</Project>